// !$*UTF8*$!
{
	archiveVersion = 1;
	classes = {
	};
	objectVersion = 46;
	objects = {

/* Begin PBXBuildFile section */
		FD8BD1D81EA83BFA0040853F /* AppDelegate.swift in Sources */ = {isa = PBXBuildFile; fileRef = FD8BD1D71EA83BFA0040853F /* AppDelegate.swift */; };
		FD8BD1DA1EA83BFA0040853F /* ViewController.swift in Sources */ = {isa = PBXBuildFile; fileRef = FD8BD1D91EA83BFA0040853F /* ViewController.swift */; };
		FD8BD1DD1EA83BFA0040853F /* Main.storyboard in Resources */ = {isa = PBXBuildFile; fileRef = FD8BD1DB1EA83BFA0040853F /* Main.storyboard */; };
		FD8BD1DF1EA83BFA0040853F /* Assets.xcassets in Resources */ = {isa = PBXBuildFile; fileRef = FD8BD1DE1EA83BFA0040853F /* Assets.xcassets */; };
		FD8BD1E21EA83BFA0040853F /* LaunchScreen.storyboard in Resources */ = {isa = PBXBuildFile; fileRef = FD8BD1E01EA83BFA0040853F /* LaunchScreen.storyboard */; };
/* End PBXBuildFile section */

/* Begin PBXFileReference section */
		FD8BD1D41EA83BFA0040853F /* TimeSeriesPlots.app */ = {isa = PBXFileReference; explicitFileType = wrapper.application; includeInIndex = 0; path = TimeSeriesPlots.app; sourceTree = BUILT_PRODUCTS_DIR; };
		FD8BD1D71EA83BFA0040853F /* AppDelegate.swift */ = {isa = PBXFileReference; lastKnownFileType = sourcecode.swift; path = AppDelegate.swift; sourceTree = "<group>"; };
		FD8BD1D91EA83BFA0040853F /* ViewController.swift */ = {isa = PBXFileReference; lastKnownFileType = sourcecode.swift; path = ViewController.swift; sourceTree = "<group>"; };
		FD8BD1DC1EA83BFA0040853F /* Base */ = {isa = PBXFileReference; lastKnownFileType = file.storyboard; name = Base; path = Base.lproj/Main.storyboard; sourceTree = "<group>"; };
		FD8BD1DE1EA83BFA0040853F /* Assets.xcassets */ = {isa = PBXFileReference; lastKnownFileType = folder.assetcatalog; path = Assets.xcassets; sourceTree = "<group>"; };
		FD8BD1E11EA83BFA0040853F /* Base */ = {isa = PBXFileReference; lastKnownFileType = file.storyboard; name = Base; path = Base.lproj/LaunchScreen.storyboard; sourceTree = "<group>"; };
		FD8BD1E31EA83BFA0040853F /* Info.plist */ = {isa = PBXFileReference; lastKnownFileType = text.plist.xml; path = Info.plist; sourceTree = "<group>"; };
/* End PBXFileReference section */

/* Begin PBXFrameworksBuildPhase section */
		FD8BD1D11EA83BFA0040853F /* Frameworks */ = {
			isa = PBXFrameworksBuildPhase;
			buildActionMask = 2147483647;
			files = (
			);
			runOnlyForDeploymentPostprocessing = 0;
		};
/* End PBXFrameworksBuildPhase section */

/* Begin PBXGroup section */
		FD8BD1CB1EA83BF90040853F = {
			isa = PBXGroup;
			children = (
				FD8BD1D61EA83BFA0040853F /* TimeSeriesPlots */,
				FD8BD1D51EA83BFA0040853F /* Products */,
			);
			sourceTree = "<group>";
		};
		FD8BD1D51EA83BFA0040853F /* Products */ = {
			isa = PBXGroup;
			children = (
				FD8BD1D41EA83BFA0040853F /* TimeSeriesPlots.app */,
			);
			name = Products;
			sourceTree = "<group>";
		};
		FD8BD1D61EA83BFA0040853F /* TimeSeriesPlots */ = {
			isa = PBXGroup;
			children = (
				FD8BD1D71EA83BFA0040853F /* AppDelegate.swift */,
				FD8BD1D91EA83BFA0040853F /* ViewController.swift */,
				FD8BD1DB1EA83BFA0040853F /* Main.storyboard */,
				FD8BD1DE1EA83BFA0040853F /* Assets.xcassets */,
				FD8BD1E01EA83BFA0040853F /* LaunchScreen.storyboard */,
				FD8BD1E31EA83BFA0040853F /* Info.plist */,
			);
			path = TimeSeriesPlots;
			sourceTree = "<group>";
		};
/* End PBXGroup section */

/* Begin PBXNativeTarget section */
		FD8BD1D31EA83BFA0040853F /* TimeSeriesPlots */ = {
			isa = PBXNativeTarget;
			buildConfigurationList = FD8BD1E61EA83BFA0040853F /* Build configuration list for PBXNativeTarget "TimeSeriesPlots" */;
			buildPhases = (
				FD8BD1D01EA83BFA0040853F /* Sources */,
				FD8BD1D11EA83BFA0040853F /* Frameworks */,
				FD8BD1D21EA83BFA0040853F /* Resources */,
			);
			buildRules = (
			);
			dependencies = (
			);
			name = TimeSeriesPlots;
			productName = TimeSeriesPlots;
			productReference = FD8BD1D41EA83BFA0040853F /* TimeSeriesPlots.app */;
			productType = "com.apple.product-type.application";
		};
/* End PBXNativeTarget section */

/* Begin PBXProject section */
		FD8BD1CC1EA83BF90040853F /* Project object */ = {
			isa = PBXProject;
			attributes = {
				LastSwiftUpdateCheck = 0820;
				LastUpgradeCheck = 0820;
				ORGANIZATIONNAME = Aroopy;
				TargetAttributes = {
					FD8BD1D31EA83BFA0040853F = {
						CreatedOnToolsVersion = 8.2.1;
						DevelopmentTeam = HZQXS34837;
						ProvisioningStyle = Automatic;
					};
				};
			};
			buildConfigurationList = FD8BD1CF1EA83BF90040853F /* Build configuration list for PBXProject "TimeSeriesPlots" */;
			compatibilityVersion = "Xcode 3.2";
			developmentRegion = English;
			hasScannedForEncodings = 0;
			knownRegions = (
				en,
				Base,
			);
			mainGroup = FD8BD1CB1EA83BF90040853F;
			productRefGroup = FD8BD1D51EA83BFA0040853F /* Products */;
			projectDirPath = "";
			projectRoot = "";
			targets = (
				FD8BD1D31EA83BFA0040853F /* TimeSeriesPlots */,
			);
		};
/* End PBXProject section */

/* Begin PBXResourcesBuildPhase section */
		FD8BD1D21EA83BFA0040853F /* Resources */ = {
			isa = PBXResourcesBuildPhase;
			buildActionMask = 2147483647;
			files = (
				FD8BD1E21EA83BFA0040853F /* LaunchScreen.storyboard in Resources */,
				FD8BD1DF1EA83BFA0040853F /* Assets.xcassets in Resources */,
				FD8BD1DD1EA83BFA0040853F /* Main.storyboard in Resources */,
			);
			runOnlyForDeploymentPostprocessing = 0;
		};
/* End PBXResourcesBuildPhase section */

/* Begin PBXSourcesBuildPhase section */
		FD8BD1D01EA83BFA0040853F /* Sources */ = {
			isa = PBXSourcesBuildPhase;
			buildActionMask = 2147483647;
			files = (
				FD8BD1DA1EA83BFA0040853F /* ViewController.swift in Sources */,
				FD8BD1D81EA83BFA0040853F /* AppDelegate.swift in Sources */,
			);
			runOnlyForDeploymentPostprocessing = 0;
		};
/* End PBXSourcesBuildPhase section */

/* Begin PBXVariantGroup section */
		FD8BD1DB1EA83BFA0040853F /* Main.storyboard */ = {
			isa = PBXVariantGroup;
			children = (
				FD8BD1DC1EA83BFA0040853F /* Base */,
			);
			name = Main.storyboard;
			sourceTree = "<group>";
		};
		FD8BD1E01EA83BFA0040853F /* LaunchScreen.storyboard */ = {
			isa = PBXVariantGroup;
			children = (
				FD8BD1E11EA83BFA0040853F /* Base */,
			);
			name = LaunchScreen.storyboard;
			sourceTree = "<group>";
		};
/* End PBXVariantGroup section */

/* Begin XCBuildConfiguration section */
		FD8BD1E41EA83BFA0040853F /* Debug */ = {
			isa = XCBuildConfiguration;
			buildSettings = {
				ALWAYS_SEARCH_USER_PATHS = NO;
				CLANG_ANALYZER_NONNULL = YES;
				CLANG_CXX_LANGUAGE_STANDARD = "gnu++0x";
				CLANG_CXX_LIBRARY = "libc++";
				CLANG_ENABLE_MODULES = YES;
				CLANG_ENABLE_OBJC_ARC = YES;
				CLANG_WARN_BOOL_CONVERSION = YES;
				CLANG_WARN_CONSTANT_CONVERSION = YES;
				CLANG_WARN_DIRECT_OBJC_ISA_USAGE = YES_ERROR;
				CLANG_WARN_DOCUMENTATION_COMMENTS = YES;
				CLANG_WARN_EMPTY_BODY = YES;
				CLANG_WARN_ENUM_CONVERSION = YES;
				CLANG_WARN_INFINITE_RECURSION = YES;
				CLANG_WARN_INT_CONVERSION = YES;
				CLANG_WARN_OBJC_ROOT_CLASS = YES_ERROR;
				CLANG_WARN_SUSPICIOUS_MOVE = YES;
				CLANG_WARN_UNREACHABLE_CODE = YES;
				CLANG_WARN__DUPLICATE_METHOD_MATCH = YES;
				"CODE_SIGN_IDENTITY[sdk=iphoneos*]" = "iPhone Developer";
				COPY_PHASE_STRIP = NO;
				DEBUG_INFORMATION_FORMAT = dwarf;
				ENABLE_STRICT_OBJC_MSGSEND = YES;
				ENABLE_TESTABILITY = YES;
				GCC_C_LANGUAGE_STANDARD = gnu99;
				GCC_DYNAMIC_NO_PIC = NO;
				GCC_NO_COMMON_BLOCKS = YES;
				GCC_OPTIMIZATION_LEVEL = 0;
				GCC_PREPROCESSOR_DEFINITIONS = (
					"DEBUG=1",
					"$(inherited)",
				);
				GCC_WARN_64_TO_32_BIT_CONVERSION = YES;
				GCC_WARN_ABOUT_RETURN_TYPE = YES_ERROR;
				GCC_WARN_UNDECLARED_SELECTOR = YES;
				GCC_WARN_UNINITIALIZED_AUTOS = YES_AGGRESSIVE;
				GCC_WARN_UNUSED_FUNCTION = YES;
				GCC_WARN_UNUSED_VARIABLE = YES;
				IPHONEOS_DEPLOYMENT_TARGET = 10.2;
				MTL_ENABLE_DEBUG_INFO = YES;
				ONLY_ACTIVE_ARCH = YES;
				SDKROOT = iphoneos;
				SWIFT_ACTIVE_COMPILATION_CONDITIONS = DEBUG;
				SWIFT_OPTIMIZATION_LEVEL = "-Onone";
				TARGETED_DEVICE_FAMILY = "1,2";
			};
			name = Debug;
		};
		FD8BD1E51EA83BFA0040853F /* Release */ = {
			isa = XCBuildConfiguration;
			buildSettings = {
				ALWAYS_SEARCH_USER_PATHS = NO;
				CLANG_ANALYZER_NONNULL = YES;
				CLANG_CXX_LANGUAGE_STANDARD = "gnu++0x";
				CLANG_CXX_LIBRARY = "libc++";
				CLANG_ENABLE_MODULES = YES;
				CLANG_ENABLE_OBJC_ARC = YES;
				CLANG_WARN_BOOL_CONVERSION = YES;
				CLANG_WARN_CONSTANT_CONVERSION = YES;
				CLANG_WARN_DIRECT_OBJC_ISA_USAGE = YES_ERROR;
				CLANG_WARN_DOCUMENTATION_COMMENTS = YES;
				CLANG_WARN_EMPTY_BODY = YES;
				CLANG_WARN_ENUM_CONVERSION = YES;
				CLANG_WARN_INFINITE_RECURSION = YES;
				CLANG_WARN_INT_CONVERSION = YES;
				CLANG_WARN_OBJC_ROOT_CLASS = YES_ERROR;
				CLANG_WARN_SUSPICIOUS_MOVE = YES;
				CLANG_WARN_UNREACHABLE_CODE = YES;
				CLANG_WARN__DUPLICATE_METHOD_MATCH = YES;
				"CODE_SIGN_IDENTITY[sdk=iphoneos*]" = "iPhone Developer";
				COPY_PHASE_STRIP = NO;
				DEBUG_INFORMATION_FORMAT = "dwarf-with-dsym";
				ENABLE_NS_ASSERTIONS = NO;
				ENABLE_STRICT_OBJC_MSGSEND = YES;
				GCC_C_LANGUAGE_STANDARD = gnu99;
				GCC_NO_COMMON_BLOCKS = YES;
				GCC_WARN_64_TO_32_BIT_CONVERSION = YES;
				GCC_WARN_ABOUT_RETURN_TYPE = YES_ERROR;
				GCC_WARN_UNDECLARED_SELECTOR = YES;
				GCC_WARN_UNINITIALIZED_AUTOS = YES_AGGRESSIVE;
				GCC_WARN_UNUSED_FUNCTION = YES;
				GCC_WARN_UNUSED_VARIABLE = YES;
				IPHONEOS_DEPLOYMENT_TARGET = 10.2;
				MTL_ENABLE_DEBUG_INFO = NO;
				SDKROOT = iphoneos;
				SWIFT_OPTIMIZATION_LEVEL = "-Owholemodule";
				TARGETED_DEVICE_FAMILY = "1,2";
				VALIDATE_PRODUCT = YES;
			};
			name = Release;
		};
		FD8BD1E71EA83BFA0040853F /* Debug */ = {
			isa = XCBuildConfiguration;
			buildSettings = {
				ASSETCATALOG_COMPILER_APPICON_NAME = AppIcon;
				DEVELOPMENT_TEAM = HZQXS34837;
				INFOPLIST_FILE = TimeSeriesPlots/Info.plist;
				LD_RUNPATH_SEARCH_PATHS = "$(inherited) @executable_path/Frameworks";
				PRODUCT_BUNDLE_IDENTIFIER = com.aroopyinc.TimeSeriesPlots;
				PRODUCT_NAME = "$(TARGET_NAME)";
				SWIFT_VERSION = 3.0;
			};
			name = Debug;
		};
		FD8BD1E81EA83BFA0040853F /* Release */ = {
			isa = XCBuildConfiguration;
			buildSettings = {
				ASSETCATALOG_COMPILER_APPICON_NAME = AppIcon;
				DEVELOPMENT_TEAM = HZQXS34837;
				INFOPLIST_FILE = TimeSeriesPlots/Info.plist;
				LD_RUNPATH_SEARCH_PATHS = "$(inherited) @executable_path/Frameworks";
				PRODUCT_BUNDLE_IDENTIFIER = com.aroopyinc.TimeSeriesPlots;
				PRODUCT_NAME = "$(TARGET_NAME)";
				SWIFT_VERSION = 3.0;
			};
			name = Release;
		};
/* End XCBuildConfiguration section */

/* Begin XCConfigurationList section */
		FD8BD1CF1EA83BF90040853F /* Build configuration list for PBXProject "TimeSeriesPlots" */ = {
			isa = XCConfigurationList;
			buildConfigurations = (
				FD8BD1E41EA83BFA0040853F /* Debug */,
				FD8BD1E51EA83BFA0040853F /* Release */,
			);
			defaultConfigurationIsVisible = 0;
			defaultConfigurationName = Release;
		};
		FD8BD1E61EA83BFA0040853F /* Build configuration list for PBXNativeTarget "TimeSeriesPlots" */ = {
			isa = XCConfigurationList;
			buildConfigurations = (
				FD8BD1E71EA83BFA0040853F /* Debug */,
				FD8BD1E81EA83BFA0040853F /* Release */,
			);
			defaultConfigurationIsVisible = 0;
		};
/* End XCConfigurationList section */
	};
	rootObject = FD8BD1CC1EA83BF90040853F /* Project object */;
}
